
Microsoft Visual Studio Solution File, Format Version 12.00
# Visual Studio Version 17
VisualStudioVersion = 17.11.35103.136
MinimumVisualStudioVersion = 10.0.40219.1
Project("{FAE04EC0-301F-11D3-BF4B-00C04F79EFBC}") = "Client2.0", "Client2.0\Client2.0.csproj", "{8C10D260-C83E-4835-8B5D-C0015E32A109}"
EndProject
Global
	GlobalSection(SolutionConfigurationPlatforms) = preSolution
		Debug|Any CPU = Debug|Any CPU
		Release|Any CPU = Release|Any CPU
	EndGlobalSection
	GlobalSection(ProjectConfigurationPlatforms) = postSolution
		{8C10D260-C83E-4835-8B5D-C0015E32A109}.Debug|Any CPU.ActiveCfg = Debug|Any CPU
		{8C10D260-C83E-4835-8B5D-C0015E32A109}.Debug|Any CPU.Build.0 = Debug|Any CPU
		{8C10D260-C83E-4835-8B5D-C0015E32A109}.Release|Any CPU.ActiveCfg = Release|Any CPU
		{8C10D260-C83E-4835-8B5D-C0015E32A109}.Release|Any CPU.Build.0 = Release|Any CPU
	EndGlobalSection
	GlobalSection(SolutionProperties) = preSolution
		HideSolutionNode = FALSE
	EndGlobalSection
	GlobalSection(ExtensibilityGlobals) = postSolution
		SolutionGuid = {F4C5BD0D-BB94-462E-AB4E-60C6AC57E3A8}
	EndGlobalSection
EndGlobal
